
Microsoft Visual Studio Solution File, Format Version 12.00
# Visual Studio Version 17
VisualStudioVersion = 17.5.002.0
MinimumVisualStudioVersion = 10.0.40219.1
Project("{9A19103F-16F7-4668-BE54-9A1E7A4F7556}") = "API", "API\API.csproj", "{ABA85E3F-DE0D-4926-9D54-BF8074896C4E}"
EndProject
Global
	GlobalSection(SolutionConfigurationPlatforms) = preSolution
		Debug|Any CPU = Debug|Any CPU
		Release|Any CPU = Release|Any CPU
	EndGlobalSection
	GlobalSection(ProjectConfigurationPlatforms) = postSolution
		{ABA85E3F-DE0D-4926-9D54-BF8074896C4E}.Debug|Any CPU.ActiveCfg = Debug|Any CPU
		{ABA85E3F-DE0D-4926-9D54-BF8074896C4E}.Debug|Any CPU.Build.0 = Debug|Any CPU
		{ABA85E3F-DE0D-4926-9D54-BF8074896C4E}.Release|Any CPU.ActiveCfg = Release|Any CPU
		{ABA85E3F-DE0D-4926-9D54-BF8074896C4E}.Release|Any CPU.Build.0 = Release|Any CPU
	EndGlobalSection
	GlobalSection(SolutionProperties) = preSolution
		HideSolutionNode = FALSE
	EndGlobalSection
	GlobalSection(ExtensibilityGlobals) = postSolution
		SolutionGuid = {D9A990F7-CE7C-48E1-BFDF-728D0F128C6C}
	EndGlobalSection
EndGlobal
